
Microsoft Visual Studio Solution File, Format Version 12.00
# Visual Studio Version 17
VisualStudioVersion = 17.14.36414.22
MinimumVisualStudioVersion = 10.0.40219.1
Project("{FAE04EC0-301F-11D3-BF4B-00C04F79EFBC}") = "Exam2025.PL", "Exam2025.PL\Exam2025.PL.csproj", "{9E3AC8DD-2DC2-4846-8968-4C00F92EDE0C}"
EndProject
Global
	GlobalSection(SolutionConfigurationPlatforms) = preSolution
		Debug|Any CPU = Debug|Any CPU
		Release|Any CPU = Release|Any CPU
	EndGlobalSection
	GlobalSection(ProjectConfigurationPlatforms) = postSolution
		{9E3AC8DD-2DC2-4846-8968-4C00F92EDE0C}.Debug|Any CPU.ActiveCfg = Debug|Any CPU
		{9E3AC8DD-2DC2-4846-8968-4C00F92EDE0C}.Debug|Any CPU.Build.0 = Debug|Any CPU
		{9E3AC8DD-2DC2-4846-8968-4C00F92EDE0C}.Release|Any CPU.ActiveCfg = Release|Any CPU
		{9E3AC8DD-2DC2-4846-8968-4C00F92EDE0C}.Release|Any CPU.Build.0 = Release|Any CPU
	EndGlobalSection
	GlobalSection(SolutionProperties) = preSolution
		HideSolutionNode = FALSE
	EndGlobalSection
	GlobalSection(ExtensibilityGlobals) = postSolution
		SolutionGuid = {11F8A4D0-57C7-4D75-8DEC-19BBC8186DA1}
	EndGlobalSection
EndGlobal
